// !$*UTF8*$!
{
	archiveVersion = 1;
	classes = {
	};
	objectVersion = 55;
	objects = {

/* Begin PBXBuildFile section */
		5E4AE51F28A7C165004EB034 /* AppDelegate.swift in Sources */ = {isa = PBXBuildFile; fileRef = 5E4AE51E28A7C165004EB034 /* AppDelegate.swift */; };
		5E4AE52128A7C165004EB034 /* SceneDelegate.swift in Sources */ = {isa = PBXBuildFile; fileRef = 5E4AE52028A7C165004EB034 /* SceneDelegate.swift */; };
		5E4AE52328A7C165004EB034 /* ViewController.swift in Sources */ = {isa = PBXBuildFile; fileRef = 5E4AE52228A7C165004EB034 /* ViewController.swift */; };
		5E4AE52628A7C165004EB034 /* Main.storyboard in Resources */ = {isa = PBXBuildFile; fileRef = 5E4AE52428A7C165004EB034 /* Main.storyboard */; };
		5E4AE52828A7C166004EB034 /* Assets.xcassets in Resources */ = {isa = PBXBuildFile; fileRef = 5E4AE52728A7C166004EB034 /* Assets.xcassets */; };
		5E4AE52B28A7C166004EB034 /* LaunchScreen.storyboard in Resources */ = {isa = PBXBuildFile; fileRef = 5E4AE52928A7C166004EB034 /* LaunchScreen.storyboard */; };
		5E4AE53628A7C166004EB034 /* RC_week_2Tests.swift in Sources */ = {isa = PBXBuildFile; fileRef = 5E4AE53528A7C166004EB034 /* RC_week_2Tests.swift */; };
		5E4AE54028A7C166004EB034 /* RC_week_2UITests.swift in Sources */ = {isa = PBXBuildFile; fileRef = 5E4AE53F28A7C166004EB034 /* RC_week_2UITests.swift */; };
		5E4AE54228A7C166004EB034 /* RC_week_2UITestsLaunchTests.swift in Sources */ = {isa = PBXBuildFile; fileRef = 5E4AE54128A7C166004EB034 /* RC_week_2UITestsLaunchTests.swift */; };
/* End PBXBuildFile section */

/* Begin PBXContainerItemProxy section */
		5E4AE53228A7C166004EB034 /* PBXContainerItemProxy */ = {
			isa = PBXContainerItemProxy;
			containerPortal = 5E4AE51328A7C165004EB034 /* Project object */;
			proxyType = 1;
			remoteGlobalIDString = 5E4AE51A28A7C165004EB034;
			remoteInfo = RC_week_2;
		};
		5E4AE53C28A7C166004EB034 /* PBXContainerItemProxy */ = {
			isa = PBXContainerItemProxy;
			containerPortal = 5E4AE51328A7C165004EB034 /* Project object */;
			proxyType = 1;
			remoteGlobalIDString = 5E4AE51A28A7C165004EB034;
			remoteInfo = RC_week_2;
		};
/* End PBXContainerItemProxy section */

/* Begin PBXFileReference section */
		5E4AE51B28A7C165004EB034 /* RC_week_2.app */ = {isa = PBXFileReference; explicitFileType = wrapper.application; includeInIndex = 0; path = RC_week_2.app; sourceTree = BUILT_PRODUCTS_DIR; };
		5E4AE51E28A7C165004EB034 /* AppDelegate.swift */ = {isa = PBXFileReference; lastKnownFileType = sourcecode.swift; path = AppDelegate.swift; sourceTree = "<group>"; };
		5E4AE52028A7C165004EB034 /* SceneDelegate.swift */ = {isa = PBXFileReference; lastKnownFileType = sourcecode.swift; path = SceneDelegate.swift; sourceTree = "<group>"; };
		5E4AE52228A7C165004EB034 /* ViewController.swift */ = {isa = PBXFileReference; lastKnownFileType = sourcecode.swift; path = ViewController.swift; sourceTree = "<group>"; };
		5E4AE52528A7C165004EB034 /* Base */ = {isa = PBXFileReference; lastKnownFileType = file.storyboard; name = Base; path = Base.lproj/Main.storyboard; sourceTree = "<group>"; };
		5E4AE52728A7C166004EB034 /* Assets.xcassets */ = {isa = PBXFileReference; lastKnownFileType = folder.assetcatalog; path = Assets.xcassets; sourceTree = "<group>"; };
		5E4AE52A28A7C166004EB034 /* Base */ = {isa = PBXFileReference; lastKnownFileType = file.storyboard; name = Base; path = Base.lproj/LaunchScreen.storyboard; sourceTree = "<group>"; };
		5E4AE52C28A7C166004EB034 /* Info.plist */ = {isa = PBXFileReference; lastKnownFileType = text.plist.xml; path = Info.plist; sourceTree = "<group>"; };
		5E4AE53128A7C166004EB034 /* RC_week_2Tests.xctest */ = {isa = PBXFileReference; explicitFileType = wrapper.cfbundle; includeInIndex = 0; path = RC_week_2Tests.xctest; sourceTree = BUILT_PRODUCTS_DIR; };
		5E4AE53528A7C166004EB034 /* RC_week_2Tests.swift */ = {isa = PBXFileReference; lastKnownFileType = sourcecode.swift; path = RC_week_2Tests.swift; sourceTree = "<group>"; };
		5E4AE53B28A7C166004EB034 /* RC_week_2UITests.xctest */ = {isa = PBXFileReference; explicitFileType = wrapper.cfbundle; includeInIndex = 0; path = RC_week_2UITests.xctest; sourceTree = BUILT_PRODUCTS_DIR; };
		5E4AE53F28A7C166004EB034 /* RC_week_2UITests.swift */ = {isa = PBXFileReference; lastKnownFileType = sourcecode.swift; path = RC_week_2UITests.swift; sourceTree = "<group>"; };
		5E4AE54128A7C166004EB034 /* RC_week_2UITestsLaunchTests.swift */ = {isa = PBXFileReference; lastKnownFileType = sourcecode.swift; path = RC_week_2UITestsLaunchTests.swift; sourceTree = "<group>"; };
/* End PBXFileReference section */

/* Begin PBXFrameworksBuildPhase section */
		5E4AE51828A7C165004EB034 /* Frameworks */ = {
			isa = PBXFrameworksBuildPhase;
			buildActionMask = 2147483647;
			files = (
			);
			runOnlyForDeploymentPostprocessing = 0;
		};
		5E4AE52E28A7C166004EB034 /* Frameworks */ = {
			isa = PBXFrameworksBuildPhase;
			buildActionMask = 2147483647;
			files = (
			);
			runOnlyForDeploymentPostprocessing = 0;
		};
		5E4AE53828A7C166004EB034 /* Frameworks */ = {
			isa = PBXFrameworksBuildPhase;
			buildActionMask = 2147483647;
			files = (
			);
			runOnlyForDeploymentPostprocessing = 0;
		};
/* End PBXFrameworksBuildPhase section */

/* Begin PBXGroup section */
		5E4AE51228A7C165004EB034 = {
			isa = PBXGroup;
			children = (
				5E4AE51D28A7C165004EB034 /* RC_week_2 */,
				5E4AE53428A7C166004EB034 /* RC_week_2Tests */,
				5E4AE53E28A7C166004EB034 /* RC_week_2UITests */,
				5E4AE51C28A7C165004EB034 /* Products */,
			);
			sourceTree = "<group>";
		};
		5E4AE51C28A7C165004EB034 /* Products */ = {
			isa = PBXGroup;
			children = (
				5E4AE51B28A7C165004EB034 /* RC_week_2.app */,
				5E4AE53128A7C166004EB034 /* RC_week_2Tests.xctest */,
				5E4AE53B28A7C166004EB034 /* RC_week_2UITests.xctest */,
			);
			name = Products;
			sourceTree = "<group>";
		};
		5E4AE51D28A7C165004EB034 /* RC_week_2 */ = {
			isa = PBXGroup;
			children = (
				5E4AE51E28A7C165004EB034 /* AppDelegate.swift */,
				5E4AE52028A7C165004EB034 /* SceneDelegate.swift */,
				5E4AE52228A7C165004EB034 /* ViewController.swift */,
				5E4AE52428A7C165004EB034 /* Main.storyboard */,
				5E4AE52728A7C166004EB034 /* Assets.xcassets */,
				5E4AE52928A7C166004EB034 /* LaunchScreen.storyboard */,
				5E4AE52C28A7C166004EB034 /* Info.plist */,
			);
			path = RC_week_2;
			sourceTree = "<group>";
		};
		5E4AE53428A7C166004EB034 /* RC_week_2Tests */ = {
			isa = PBXGroup;
			children = (
				5E4AE53528A7C166004EB034 /* RC_week_2Tests.swift */,
			);
			path = RC_week_2Tests;
			sourceTree = "<group>";
		};
		5E4AE53E28A7C166004EB034 /* RC_week_2UITests */ = {
			isa = PBXGroup;
			children = (
				5E4AE53F28A7C166004EB034 /* RC_week_2UITests.swift */,
				5E4AE54128A7C166004EB034 /* RC_week_2UITestsLaunchTests.swift */,
			);
			path = RC_week_2UITests;
			sourceTree = "<group>";
		};
/* End PBXGroup section */

/* Begin PBXNativeTarget section */
		5E4AE51A28A7C165004EB034 /* RC_week_2 */ = {
			isa = PBXNativeTarget;
			buildConfigurationList = 5E4AE54528A7C166004EB034 /* Build configuration list for PBXNativeTarget "RC_week_2" */;
			buildPhases = (
				5E4AE51728A7C165004EB034 /* Sources */,
				5E4AE51828A7C165004EB034 /* Frameworks */,
				5E4AE51928A7C165004EB034 /* Resources */,
			);
			buildRules = (
			);
			dependencies = (
			);
			name = RC_week_2;
			productName = RC_week_2;
			productReference = 5E4AE51B28A7C165004EB034 /* RC_week_2.app */;
			productType = "com.apple.product-type.application";
		};
		5E4AE53028A7C166004EB034 /* RC_week_2Tests */ = {
			isa = PBXNativeTarget;
			buildConfigurationList = 5E4AE54828A7C166004EB034 /* Build configuration list for PBXNativeTarget "RC_week_2Tests" */;
			buildPhases = (
				5E4AE52D28A7C166004EB034 /* Sources */,
				5E4AE52E28A7C166004EB034 /* Frameworks */,
				5E4AE52F28A7C166004EB034 /* Resources */,
			);
			buildRules = (
			);
			dependencies = (
				5E4AE53328A7C166004EB034 /* PBXTargetDependency */,
			);
			name = RC_week_2Tests;
			productName = RC_week_2Tests;
			productReference = 5E4AE53128A7C166004EB034 /* RC_week_2Tests.xctest */;
			productType = "com.apple.product-type.bundle.unit-test";
		};
		5E4AE53A28A7C166004EB034 /* RC_week_2UITests */ = {
			isa = PBXNativeTarget;
			buildConfigurationList = 5E4AE54B28A7C166004EB034 /* Build configuration list for PBXNativeTarget "RC_week_2UITests" */;
			buildPhases = (
				5E4AE53728A7C166004EB034 /* Sources */,
				5E4AE53828A7C166004EB034 /* Frameworks */,
				5E4AE53928A7C166004EB034 /* Resources */,
			);
			buildRules = (
			);
			dependencies = (
				5E4AE53D28A7C166004EB034 /* PBXTargetDependency */,
			);
			name = RC_week_2UITests;
			productName = RC_week_2UITests;
			productReference = 5E4AE53B28A7C166004EB034 /* RC_week_2UITests.xctest */;
			productType = "com.apple.product-type.bundle.ui-testing";
		};
/* End PBXNativeTarget section */

/* Begin PBXProject section */
		5E4AE51328A7C165004EB034 /* Project object */ = {
			isa = PBXProject;
			attributes = {
				BuildIndependentTargetsInParallel = 1;
				LastSwiftUpdateCheck = 1340;
				LastUpgradeCheck = 1340;
				TargetAttributes = {
					5E4AE51A28A7C165004EB034 = {
						CreatedOnToolsVersion = 13.4.1;
					};
					5E4AE53028A7C166004EB034 = {
						CreatedOnToolsVersion = 13.4.1;
						TestTargetID = 5E4AE51A28A7C165004EB034;
					};
					5E4AE53A28A7C166004EB034 = {
						CreatedOnToolsVersion = 13.4.1;
						TestTargetID = 5E4AE51A28A7C165004EB034;
					};
				};
			};
			buildConfigurationList = 5E4AE51628A7C165004EB034 /* Build configuration list for PBXProject "RC_week_2" */;
			compatibilityVersion = "Xcode 13.0";
			developmentRegion = en;
			hasScannedForEncodings = 0;
			knownRegions = (
				en,
				Base,
			);
			mainGroup = 5E4AE51228A7C165004EB034;
			productRefGroup = 5E4AE51C28A7C165004EB034 /* Products */;
			projectDirPath = "";
			projectRoot = "";
			targets = (
				5E4AE51A28A7C165004EB034 /* RC_week_2 */,
				5E4AE53028A7C166004EB034 /* RC_week_2Tests */,
				5E4AE53A28A7C166004EB034 /* RC_week_2UITests */,
			);
		};
/* End PBXProject section */

/* Begin PBXResourcesBuildPhase section */
		5E4AE51928A7C165004EB034 /* Resources */ = {
			isa = PBXResourcesBuildPhase;
			buildActionMask = 2147483647;
			files = (
				5E4AE52B28A7C166004EB034 /* LaunchScreen.storyboard in Resources */,
				5E4AE52828A7C166004EB034 /* Assets.xcassets in Resources */,
				5E4AE52628A7C165004EB034 /* Main.storyboard in Resources */,
			);
			runOnlyForDeploymentPostprocessing = 0;
		};
		5E4AE52F28A7C166004EB034 /* Resources */ = {
			isa = PBXResourcesBuildPhase;
			buildActionMask = 2147483647;
			files = (
			);
			runOnlyForDeploymentPostprocessing = 0;
		};
		5E4AE53928A7C166004EB034 /* Resources */ = {
			isa = PBXResourcesBuildPhase;
			buildActionMask = 2147483647;
			files = (
			);
			runOnlyForDeploymentPostprocessing = 0;
		};
/* End PBXResourcesBuildPhase section */

/* Begin PBXSourcesBuildPhase section */
		5E4AE51728A7C165004EB034 /* Sources */ = {
			isa = PBXSourcesBuildPhase;
			buildActionMask = 2147483647;
			files = (
				5E4AE52328A7C165004EB034 /* ViewController.swift in Sources */,
				5E4AE51F28A7C165004EB034 /* AppDelegate.swift in Sources */,
				5E4AE52128A7C165004EB034 /* SceneDelegate.swift in Sources */,
			);
			runOnlyForDeploymentPostprocessing = 0;
		};
		5E4AE52D28A7C166004EB034 /* Sources */ = {
			isa = PBXSourcesBuildPhase;
			buildActionMask = 2147483647;
			files = (
				5E4AE53628A7C166004EB034 /* RC_week_2Tests.swift in Sources */,
			);
			runOnlyForDeploymentPostprocessing = 0;
		};
		5E4AE53728A7C166004EB034 /* Sources */ = {
			isa = PBXSourcesBuildPhase;
			buildActionMask = 2147483647;
			files = (
				5E4AE54228A7C166004EB034 /* RC_week_2UITestsLaunchTests.swift in Sources */,
				5E4AE54028A7C166004EB034 /* RC_week_2UITests.swift in Sources */,
			);
			runOnlyForDeploymentPostprocessing = 0;
		};
/* End PBXSourcesBuildPhase section */

/* Begin PBXTargetDependency section */
		5E4AE53328A7C166004EB034 /* PBXTargetDependency */ = {
			isa = PBXTargetDependency;
			target = 5E4AE51A28A7C165004EB034 /* RC_week_2 */;
			targetProxy = 5E4AE53228A7C166004EB034 /* PBXContainerItemProxy */;
		};
		5E4AE53D28A7C166004EB034 /* PBXTargetDependency */ = {
			isa = PBXTargetDependency;
			target = 5E4AE51A28A7C165004EB034 /* RC_week_2 */;
			targetProxy = 5E4AE53C28A7C166004EB034 /* PBXContainerItemProxy */;
		};
/* End PBXTargetDependency section */

/* Begin PBXVariantGroup section */
		5E4AE52428A7C165004EB034 /* Main.storyboard */ = {
			isa = PBXVariantGroup;
			children = (
				5E4AE52528A7C165004EB034 /* Base */,
			);
			name = Main.storyboard;
			sourceTree = "<group>";
		};
		5E4AE52928A7C166004EB034 /* LaunchScreen.storyboard */ = {
			isa = PBXVariantGroup;
			children = (
				5E4AE52A28A7C166004EB034 /* Base */,
			);
			name = LaunchScreen.storyboard;
			sourceTree = "<group>";
		};
/* End PBXVariantGroup section */

/* Begin XCBuildConfiguration section */
		5E4AE54328A7C166004EB034 /* Debug */ = {
			isa = XCBuildConfiguration;
			buildSettings = {
				ALWAYS_SEARCH_USER_PATHS = NO;
				CLANG_ANALYZER_NONNULL = YES;
				CLANG_ANALYZER_NUMBER_OBJECT_CONVERSION = YES_AGGRESSIVE;
				CLANG_CXX_LANGUAGE_STANDARD = "gnu++17";
				CLANG_ENABLE_MODULES = YES;
				CLANG_ENABLE_OBJC_ARC = YES;
				CLANG_ENABLE_OBJC_WEAK = YES;
				CLANG_WARN_BLOCK_CAPTURE_AUTORELEASING = YES;
				CLANG_WARN_BOOL_CONVERSION = YES;
				CLANG_WARN_COMMA = YES;
				CLANG_WARN_CONSTANT_CONVERSION = YES;
				CLANG_WARN_DEPRECATED_OBJC_IMPLEMENTATIONS = YES;
				CLANG_WARN_DIRECT_OBJC_ISA_USAGE = YES_ERROR;
				CLANG_WARN_DOCUMENTATION_COMMENTS = YES;
				CLANG_WARN_EMPTY_BODY = YES;
				CLANG_WARN_ENUM_CONVERSION = YES;
				CLANG_WARN_INFINITE_RECURSION = YES;
				CLANG_WARN_INT_CONVERSION = YES;
				CLANG_WARN_NON_LITERAL_NULL_CONVERSION = YES;
				CLANG_WARN_OBJC_IMPLICIT_RETAIN_SELF = YES;
				CLANG_WARN_OBJC_LITERAL_CONVERSION = YES;
				CLANG_WARN_OBJC_ROOT_CLASS = YES_ERROR;
				CLANG_WARN_QUOTED_INCLUDE_IN_FRAMEWORK_HEADER = YES;
				CLANG_WARN_RANGE_LOOP_ANALYSIS = YES;
				CLANG_WARN_STRICT_PROTOTYPES = YES;
				CLANG_WARN_SUSPICIOUS_MOVE = YES;
				CLANG_WARN_UNGUARDED_AVAILABILITY = YES_AGGRESSIVE;
				CLANG_WARN_UNREACHABLE_CODE = YES;
				CLANG_WARN__DUPLICATE_METHOD_MATCH = YES;
				COPY_PHASE_STRIP = NO;
				DEBUG_INFORMATION_FORMAT = dwarf;
				ENABLE_STRICT_OBJC_MSGSEND = YES;
				ENABLE_TESTABILITY = YES;
				GCC_C_LANGUAGE_STANDARD = gnu11;
				GCC_DYNAMIC_NO_PIC = NO;
				GCC_NO_COMMON_BLOCKS = YES;
				GCC_OPTIMIZATION_LEVEL = 0;
				GCC_PREPROCESSOR_DEFINITIONS = (
					"DEBUG=1",
					"$(inherited)",
				);
				GCC_WARN_64_TO_32_BIT_CONVERSION = YES;
				GCC_WARN_ABOUT_RETURN_TYPE = YES_ERROR;
				GCC_WARN_UNDECLARED_SELECTOR = YES;
				GCC_WARN_UNINITIALIZED_AUTOS = YES_AGGRESSIVE;
				GCC_WARN_UNUSED_FUNCTION = YES;
				GCC_WARN_UNUSED_VARIABLE = YES;
				IPHONEOS_DEPLOYMENT_TARGET = 15.5;
				MTL_ENABLE_DEBUG_INFO = INCLUDE_SOURCE;
				MTL_FAST_MATH = YES;
				ONLY_ACTIVE_ARCH = YES;
				SDKROOT = iphoneos;
				SWIFT_ACTIVE_COMPILATION_CONDITIONS = DEBUG;
				SWIFT_OPTIMIZATION_LEVEL = "-Onone";
			};
			name = Debug;
		};
		5E4AE54428A7C166004EB034 /* Release */ = {
			isa = XCBuildConfiguration;
			buildSettings = {
				ALWAYS_SEARCH_USER_PATHS = NO;
				CLANG_ANALYZER_NONNULL = YES;
				CLANG_ANALYZER_NUMBER_OBJECT_CONVERSION = YES_AGGRESSIVE;
				CLANG_CXX_LANGUAGE_STANDARD = "gnu++17";
				CLANG_ENABLE_MODULES = YES;
				CLANG_ENABLE_OBJC_ARC = YES;
				CLANG_ENABLE_OBJC_WEAK = YES;
				CLANG_WARN_BLOCK_CAPTURE_AUTORELEASING = YES;
				CLANG_WARN_BOOL_CONVERSION = YES;
				CLANG_WARN_COMMA = YES;
				CLANG_WARN_CONSTANT_CONVERSION = YES;
				CLANG_WARN_DEPRECATED_OBJC_IMPLEMENTATIONS = YES;
				CLANG_WARN_DIRECT_OBJC_ISA_USAGE = YES_ERROR;
				CLANG_WARN_DOCUMENTATION_COMMENTS = YES;
				CLANG_WARN_EMPTY_BODY = YES;
				CLANG_WARN_ENUM_CONVERSION = YES;
				CLANG_WARN_INFINITE_RECURSION = YES;
				CLANG_WARN_INT_CONVERSION = YES;
				CLANG_WARN_NON_LITERAL_NULL_CONVERSION = YES;
				CLANG_WARN_OBJC_IMPLICIT_RETAIN_SELF = YES;
				CLANG_WARN_OBJC_LITERAL_CONVERSION = YES;
				CLANG_WARN_OBJC_ROOT_CLASS = YES_ERROR;
				CLANG_WARN_QUOTED_INCLUDE_IN_FRAMEWORK_HEADER = YES;
				CLANG_WARN_RANGE_LOOP_ANALYSIS = YES;
				CLANG_WARN_STRICT_PROTOTYPES = YES;
				CLANG_WARN_SUSPICIOUS_MOVE = YES;
				CLANG_WARN_UNGUARDED_AVAILABILITY = YES_AGGRESSIVE;
				CLANG_WARN_UNREACHABLE_CODE = YES;
				CLANG_WARN__DUPLICATE_METHOD_MATCH = YES;
				COPY_PHASE_STRIP = NO;
				DEBUG_INFORMATION_FORMAT = "dwarf-with-dsym";
				ENABLE_NS_ASSERTIONS = NO;
				ENABLE_STRICT_OBJC_MSGSEND = YES;
				GCC_C_LANGUAGE_STANDARD = gnu11;
				GCC_NO_COMMON_BLOCKS = YES;
				GCC_WARN_64_TO_32_BIT_CONVERSION = YES;
				GCC_WARN_ABOUT_RETURN_TYPE = YES_ERROR;
				GCC_WARN_UNDECLARED_SELECTOR = YES;
				GCC_WARN_UNINITIALIZED_AUTOS = YES_AGGRESSIVE;
				GCC_WARN_UNUSED_FUNCTION = YES;
				GCC_WARN_UNUSED_VARIABLE = YES;
				IPHONEOS_DEPLOYMENT_TARGET = 15.5;
				MTL_ENABLE_DEBUG_INFO = NO;
				MTL_FAST_MATH = YES;
				SDKROOT = iphoneos;
				SWIFT_COMPILATION_MODE = wholemodule;
				SWIFT_OPTIMIZATION_LEVEL = "-O";
				VALIDATE_PRODUCT = YES;
			};
			name = Release;
		};
		5E4AE54628A7C166004EB034 /* Debug */ = {
			isa = XCBuildConfiguration;
			buildSettings = {
				ASSETCATALOG_COMPILER_APPICON_NAME = AppIcon;
				ASSETCATALOG_COMPILER_GLOBAL_ACCENT_COLOR_NAME = AccentColor;
				CODE_SIGN_STYLE = Automatic;
				CURRENT_PROJECT_VERSION = 1;
				GENERATE_INFOPLIST_FILE = YES;
				INFOPLIST_FILE = RC_week_2/Info.plist;
				INFOPLIST_KEY_UIApplicationSupportsIndirectInputEvents = YES;
				INFOPLIST_KEY_UILaunchStoryboardName = LaunchScreen;
				INFOPLIST_KEY_UIMainStoryboardFile = Main;
				INFOPLIST_KEY_UISupportedInterfaceOrientations_iPad = "UIInterfaceOrientationPortrait UIInterfaceOrientationPortraitUpsideDown UIInterfaceOrientationLandscapeLeft UIInterfaceOrientationLandscapeRight";
				INFOPLIST_KEY_UISupportedInterfaceOrientations_iPhone = "UIInterfaceOrientationPortrait UIInterfaceOrientationLandscapeLeft UIInterfaceOrientationLandscapeRight";
				LD_RUNPATH_SEARCH_PATHS = (
					"$(inherited)",
					"@executable_path/Frameworks",
				);
				MARKETING_VERSION = 1.0;
				PRODUCT_BUNDLE_IDENTIFIER = "io--shintaewon.velog.RC-week-2";
				PRODUCT_NAME = "$(TARGET_NAME)";
				SWIFT_EMIT_LOC_STRINGS = YES;
				SWIFT_VERSION = 5.0;
				TARGETED_DEVICE_FAMILY = "1,2";
			};
			name = Debug;
		};
		5E4AE54728A7C166004EB034 /* Release */ = {
			isa = XCBuildConfiguration;
			buildSettings = {
				ASSETCATALOG_COMPILER_APPICON_NAME = AppIcon;
				ASSETCATALOG_COMPILER_GLOBAL_ACCENT_COLOR_NAME = AccentColor;
				CODE_SIGN_STYLE = Automatic;
				CURRENT_PROJECT_VERSION = 1;
				GENERATE_INFOPLIST_FILE = YES;
				INFOPLIST_FILE = RC_week_2/Info.plist;
				INFOPLIST_KEY_UIApplicationSupportsIndirectInputEvents = YES;
				INFOPLIST_KEY_UILaunchStoryboardName = LaunchScreen;
				INFOPLIST_KEY_UIMainStoryboardFile = Main;
				INFOPLIST_KEY_UISupportedInterfaceOrientations_iPad = "UIInterfaceOrientationPortrait UIInterfaceOrientationPortraitUpsideDown UIInterfaceOrientationLandscapeLeft UIInterfaceOrientationLandscapeRight";
				INFOPLIST_KEY_UISupportedInterfaceOrientations_iPhone = "UIInterfaceOrientationPortrait UIInterfaceOrientationLandscapeLeft UIInterfaceOrientationLandscapeRight";
				LD_RUNPATH_SEARCH_PATHS = (
					"$(inherited)",
					"@executable_path/Frameworks",
				);
				MARKETING_VERSION = 1.0;
				PRODUCT_BUNDLE_IDENTIFIER = "io--shintaewon.velog.RC-week-2";
				PRODUCT_NAME = "$(TARGET_NAME)";
				SWIFT_EMIT_LOC_STRINGS = YES;
				SWIFT_VERSION = 5.0;
				TARGETED_DEVICE_FAMILY = "1,2";
			};
			name = Release;
		};
		5E4AE54928A7C166004EB034 /* Debug */ = {
			isa = XCBuildConfiguration;
			buildSettings = {
				ALWAYS_EMBED_SWIFT_STANDARD_LIBRARIES = YES;
				BUNDLE_LOADER = "$(TEST_HOST)";
				CODE_SIGN_STYLE = Automatic;
				CURRENT_PROJECT_VERSION = 1;
				GENERATE_INFOPLIST_FILE = YES;
				IPHONEOS_DEPLOYMENT_TARGET = 15.5;
				MARKETING_VERSION = 1.0;
				PRODUCT_BUNDLE_IDENTIFIER = "io--shintaewon.velog.RC-week-2Tests";
				PRODUCT_NAME = "$(TARGET_NAME)";
				SWIFT_EMIT_LOC_STRINGS = NO;
				SWIFT_VERSION = 5.0;
				TARGETED_DEVICE_FAMILY = "1,2";
				TEST_HOST = "$(BUILT_PRODUCTS_DIR)/RC_week_2.app/RC_week_2";
			};
			name = Debug;
		};
		5E4AE54A28A7C166004EB034 /* Release */ = {
			isa = XCBuildConfiguration;
			buildSettings = {
				ALWAYS_EMBED_SWIFT_STANDARD_LIBRARIES = YES;
				BUNDLE_LOADER = "$(TEST_HOST)";
				CODE_SIGN_STYLE = Automatic;
				CURRENT_PROJECT_VERSION = 1;
				GENERATE_INFOPLIST_FILE = YES;
				IPHONEOS_DEPLOYMENT_TARGET = 15.5;
				MARKETING_VERSION = 1.0;
				PRODUCT_BUNDLE_IDENTIFIER = "io--shintaewon.velog.RC-week-2Tests";
				PRODUCT_NAME = "$(TARGET_NAME)";
				SWIFT_EMIT_LOC_STRINGS = NO;
				SWIFT_VERSION = 5.0;
				TARGETED_DEVICE_FAMILY = "1,2";
				TEST_HOST = "$(BUILT_PRODUCTS_DIR)/RC_week_2.app/RC_week_2";
			};
			name = Release;
		};
		5E4AE54C28A7C166004EB034 /* Debug */ = {
			isa = XCBuildConfiguration;
			buildSettings = {
				ALWAYS_EMBED_SWIFT_STANDARD_LIBRARIES = YES;
				CODE_SIGN_STYLE = Automatic;
				CURRENT_PROJECT_VERSION = 1;
				GENERATE_INFOPLIST_FILE = YES;
				MARKETING_VERSION = 1.0;
				PRODUCT_BUNDLE_IDENTIFIER = "io--shintaewon.velog.RC-week-2UITests";
				PRODUCT_NAME = "$(TARGET_NAME)";
				SWIFT_EMIT_LOC_STRINGS = NO;
				SWIFT_VERSION = 5.0;
				TARGETED_DEVICE_FAMILY = "1,2";
				TEST_TARGET_NAME = RC_week_2;
			};
			name = Debug;
		};
		5E4AE54D28A7C166004EB034 /* Release */ = {
			isa = XCBuildConfiguration;
			buildSettings = {
				ALWAYS_EMBED_SWIFT_STANDARD_LIBRARIES = YES;
				CODE_SIGN_STYLE = Automatic;
				CURRENT_PROJECT_VERSION = 1;
				GENERATE_INFOPLIST_FILE = YES;
				MARKETING_VERSION = 1.0;
				PRODUCT_BUNDLE_IDENTIFIER = "io--shintaewon.velog.RC-week-2UITests";
				PRODUCT_NAME = "$(TARGET_NAME)";
				SWIFT_EMIT_LOC_STRINGS = NO;
				SWIFT_VERSION = 5.0;
				TARGETED_DEVICE_FAMILY = "1,2";
				TEST_TARGET_NAME = RC_week_2;
			};
			name = Release;
		};
/* End XCBuildConfiguration section */

/* Begin XCConfigurationList section */
		5E4AE51628A7C165004EB034 /* Build configuration list for PBXProject "RC_week_2" */ = {
			isa = XCConfigurationList;
			buildConfigurations = (
				5E4AE54328A7C166004EB034 /* Debug */,
				5E4AE54428A7C166004EB034 /* Release */,
			);
			defaultConfigurationIsVisible = 0;
			defaultConfigurationName = Release;
		};
		5E4AE54528A7C166004EB034 /* Build configuration list for PBXNativeTarget "RC_week_2" */ = {
			isa = XCConfigurationList;
			buildConfigurations = (
				5E4AE54628A7C166004EB034 /* Debug */,
				5E4AE54728A7C166004EB034 /* Release */,
			);
			defaultConfigurationIsVisible = 0;
			defaultConfigurationName = Release;
		};
		5E4AE54828A7C166004EB034 /* Build configuration list for PBXNativeTarget "RC_week_2Tests" */ = {
			isa = XCConfigurationList;
			buildConfigurations = (
				5E4AE54928A7C166004EB034 /* Debug */,
				5E4AE54A28A7C166004EB034 /* Release */,
			);
			defaultConfigurationIsVisible = 0;
			defaultConfigurationName = Release;
		};
		5E4AE54B28A7C166004EB034 /* Build configuration list for PBXNativeTarget "RC_week_2UITests" */ = {
			isa = XCConfigurationList;
			buildConfigurations = (
				5E4AE54C28A7C166004EB034 /* Debug */,
				5E4AE54D28A7C166004EB034 /* Release */,
			);
			defaultConfigurationIsVisible = 0;
			defaultConfigurationName = Release;
		};
/* End XCConfigurationList section */
	};
	rootObject = 5E4AE51328A7C165004EB034 /* Project object */;
}
